
Microsoft Visual Studio Solution File, Format Version 12.00
# Visual Studio Version 16
VisualStudioVersion = 16.0.30621.155
MinimumVisualStudioVersion = 10.0.40219.1
Project("{8BC9CEB8-8B4A-11D0-8D11-00A0C91BC942}") = "18300229_Integrador", "18300229_Integrador.vcxproj", "{058BE4A8-75F5-4B4F-A702-051DBC12FEED}"
EndProject
Global
	GlobalSection(SolutionConfigurationPlatforms) = preSolution
		Debug|x64 = Debug|x64
		Debug|x86 = Debug|x86
		Release|x64 = Release|x64
		Release|x86 = Release|x86
	EndGlobalSection
	GlobalSection(ProjectConfigurationPlatforms) = postSolution
		{058BE4A8-75F5-4B4F-A702-051DBC12FEED}.Debug|x64.ActiveCfg = Debug|x64
		{058BE4A8-75F5-4B4F-A702-051DBC12FEED}.Debug|x64.Build.0 = Debug|x64
		{058BE4A8-75F5-4B4F-A702-051DBC12FEED}.Debug|x86.ActiveCfg = Debug|Win32
		{058BE4A8-75F5-4B4F-A702-051DBC12FEED}.Debug|x86.Build.0 = Debug|Win32
		{058BE4A8-75F5-4B4F-A702-051DBC12FEED}.Release|x64.ActiveCfg = Release|x64
		{058BE4A8-75F5-4B4F-A702-051DBC12FEED}.Release|x64.Build.0 = Release|x64
		{058BE4A8-75F5-4B4F-A702-051DBC12FEED}.Release|x86.ActiveCfg = Release|Win32
		{058BE4A8-75F5-4B4F-A702-051DBC12FEED}.Release|x86.Build.0 = Release|Win32
	EndGlobalSection
	GlobalSection(SolutionProperties) = preSolution
		HideSolutionNode = FALSE
	EndGlobalSection
	GlobalSection(ExtensibilityGlobals) = postSolution
		SolutionGuid = {0A2C8F9B-F7B1-4A34-B417-2823DDC59E83}
	EndGlobalSection
EndGlobal
